
Microsoft Visual Studio Solution File, Format Version 12.00
# Visual Studio Version 16
VisualStudioVersion = 16.0.30611.23
MinimumVisualStudioVersion = 10.0.40219.1
Project("{2150E333-8FDC-42A3-9474-1A3956D46DE8}") = "2.1DistributedServices", "2.1DistributedServices", "{FA585B73-9118-46C0-B034-2A2092AE3176}"
EndProject
Project("{2150E333-8FDC-42A3-9474-1A3956D46DE8}") = "2.2Application", "2.2Application", "{3781AAEE-D624-4B9A-A2C3-BB7BD252B509}"
EndProject
Project("{9A19103F-16F7-4668-BE54-9A1E7A4F7556}") = "Solution.Api.Application.Contracts", "Solution.Api.Application.Contracts\Solution.Api.Application.Contracts.csproj", "{821575C5-21E4-4ED6-978F-BED6729741E6}"
EndProject
Project("{2150E333-8FDC-42A3-9474-1A3956D46DE8}") = "2.3Business", "2.3Business", "{606E3D06-EED0-47A7-9AB7-18DF26E22C45}"
EndProject
Project("{9A19103F-16F7-4668-BE54-9A1E7A4F7556}") = "Solution.Api.Business", "Solution.Api.Business\Solution.Api.Business.csproj", "{3ABD0B40-E027-4D6D-BB36-EE61CAFA7FEC}"
EndProject
Project("{2150E333-8FDC-42A3-9474-1A3956D46DE8}") = "2.4DataAcces", "2.4DataAcces", "{AFBDF81E-6293-4F12-979B-824C5D4029BC}"
EndProject
Project("{9A19103F-16F7-4668-BE54-9A1E7A4F7556}") = "Solution.Api.DataAccess", "Solution.Api.DataAccess\Solution.Api.DataAccess.csproj", "{D27752BD-5924-470E-8575-6DD73D8CDA14}"
EndProject
Project("{2150E333-8FDC-42A3-9474-1A3956D46DE8}") = "2.5CrossCutting", "2.5CrossCutting", "{89D650D5-911F-4C7A-84D7-046DCCB9DB4F}"
EndProject
Project("{9A19103F-16F7-4668-BE54-9A1E7A4F7556}") = "Solution.Api.CrossCutting", "Solution.Api.CrossCutting\Solution.Api.CrossCutting.csproj", "{BD6CA319-F035-4294-B9B2-3F7C840BC7D4}"
EndProject
Project("{9A19103F-16F7-4668-BE54-9A1E7A4F7556}") = "Solution.Api.DataAccess.Contracts", "Solution.Api.DataAccess.Contracts\Solution.Api.DataAccess.Contracts.csproj", "{23545A4B-4C5D-4BD8-A889-00C612657CBE}"
EndProject
Project("{9A19103F-16F7-4668-BE54-9A1E7A4F7556}") = "Solution.Api.Application", "Solution.Api.Application\Solution.Api.Application.csproj", "{791323A6-C5E3-4A3F-A881-47A8EAAFA2C2}"
EndProject
Project("{2150E333-8FDC-42A3-9474-1A3956D46DE8}") = "2.Web2", "2.Web2", "{FB01ABDE-E564-46C4-A908-DCAEC8C8C1F2}"
EndProject
Project("{2150E333-8FDC-42A3-9474-1A3956D46DE8}") = "1Web1", "1Web1", "{506A9A28-7734-4EDB-B969-FD319B94E1C2}"
EndProject
Project("{2150E333-8FDC-42A3-9474-1A3956D46DE8}") = "1.1Distribucion", "1.1Distribucion", "{56D094CC-43AD-4922-A6C2-C6913622F799}"
EndProject
Project("{2150E333-8FDC-42A3-9474-1A3956D46DE8}") = "1.2DataAcces", "1.2DataAcces", "{F271AF58-9B2E-45E7-B7D0-63F5FAE47A3C}"
EndProject
Project("{9A19103F-16F7-4668-BE54-9A1E7A4F7556}") = "SolutionApi", "SolutionApi\SolutionApi.csproj", "{2941659E-F8C7-431A-A6E4-15DABC6FCA22}"
EndProject
Project("{F184B08F-C81C-45F6-A57F-5ABD9991F28F}") = "SolutionVBDataAcces", "SolutionVBDataAcces\SolutionVBDataAcces.vbproj", "{7C95BBBC-F71F-41F6-8BCA-27E1F42B62B1}"
EndProject
Project("{F184B08F-C81C-45F6-A57F-5ABD9991F28F}") = "SolutionVB", "SolutionVB\SolutionVB.vbproj", "{7A2159D4-81D7-4210-8F5B-BC6F964FE13B}"
EndProject
Project("{2150E333-8FDC-42A3-9474-1A3956D46DE8}") = "Solution Items", "Solution Items", "{6B3D320B-7517-4191-8279-89D49B15811E}"
	ProjectSection(SolutionItems) = preProject
		.editorconfig = .editorconfig
	EndProjectSection
EndProject
Global
	GlobalSection(SolutionConfigurationPlatforms) = preSolution
		Debug|Any CPU = Debug|Any CPU
		Release|Any CPU = Release|Any CPU
	EndGlobalSection
	GlobalSection(ProjectConfigurationPlatforms) = postSolution
		{821575C5-21E4-4ED6-978F-BED6729741E6}.Debug|Any CPU.ActiveCfg = Debug|Any CPU
		{821575C5-21E4-4ED6-978F-BED6729741E6}.Debug|Any CPU.Build.0 = Debug|Any CPU
		{821575C5-21E4-4ED6-978F-BED6729741E6}.Release|Any CPU.ActiveCfg = Release|Any CPU
		{821575C5-21E4-4ED6-978F-BED6729741E6}.Release|Any CPU.Build.0 = Release|Any CPU
		{3ABD0B40-E027-4D6D-BB36-EE61CAFA7FEC}.Debug|Any CPU.ActiveCfg = Debug|Any CPU
		{3ABD0B40-E027-4D6D-BB36-EE61CAFA7FEC}.Debug|Any CPU.Build.0 = Debug|Any CPU
		{3ABD0B40-E027-4D6D-BB36-EE61CAFA7FEC}.Release|Any CPU.ActiveCfg = Release|Any CPU
		{3ABD0B40-E027-4D6D-BB36-EE61CAFA7FEC}.Release|Any CPU.Build.0 = Release|Any CPU
		{D27752BD-5924-470E-8575-6DD73D8CDA14}.Debug|Any CPU.ActiveCfg = Debug|Any CPU
		{D27752BD-5924-470E-8575-6DD73D8CDA14}.Debug|Any CPU.Build.0 = Debug|Any CPU
		{D27752BD-5924-470E-8575-6DD73D8CDA14}.Release|Any CPU.ActiveCfg = Release|Any CPU
		{D27752BD-5924-470E-8575-6DD73D8CDA14}.Release|Any CPU.Build.0 = Release|Any CPU
		{BD6CA319-F035-4294-B9B2-3F7C840BC7D4}.Debug|Any CPU.ActiveCfg = Debug|Any CPU
		{BD6CA319-F035-4294-B9B2-3F7C840BC7D4}.Debug|Any CPU.Build.0 = Debug|Any CPU
		{BD6CA319-F035-4294-B9B2-3F7C840BC7D4}.Release|Any CPU.ActiveCfg = Release|Any CPU
		{BD6CA319-F035-4294-B9B2-3F7C840BC7D4}.Release|Any CPU.Build.0 = Release|Any CPU
		{23545A4B-4C5D-4BD8-A889-00C612657CBE}.Debug|Any CPU.ActiveCfg = Debug|Any CPU
		{23545A4B-4C5D-4BD8-A889-00C612657CBE}.Debug|Any CPU.Build.0 = Debug|Any CPU
		{23545A4B-4C5D-4BD8-A889-00C612657CBE}.Release|Any CPU.ActiveCfg = Release|Any CPU
		{23545A4B-4C5D-4BD8-A889-00C612657CBE}.Release|Any CPU.Build.0 = Release|Any CPU
		{791323A6-C5E3-4A3F-A881-47A8EAAFA2C2}.Debug|Any CPU.ActiveCfg = Debug|Any CPU
		{791323A6-C5E3-4A3F-A881-47A8EAAFA2C2}.Debug|Any CPU.Build.0 = Debug|Any CPU
		{791323A6-C5E3-4A3F-A881-47A8EAAFA2C2}.Release|Any CPU.ActiveCfg = Release|Any CPU
		{791323A6-C5E3-4A3F-A881-47A8EAAFA2C2}.Release|Any CPU.Build.0 = Release|Any CPU
		{2941659E-F8C7-431A-A6E4-15DABC6FCA22}.Debug|Any CPU.ActiveCfg = Debug|Any CPU
		{2941659E-F8C7-431A-A6E4-15DABC6FCA22}.Debug|Any CPU.Build.0 = Debug|Any CPU
		{2941659E-F8C7-431A-A6E4-15DABC6FCA22}.Release|Any CPU.ActiveCfg = Release|Any CPU
		{2941659E-F8C7-431A-A6E4-15DABC6FCA22}.Release|Any CPU.Build.0 = Release|Any CPU
		{7C95BBBC-F71F-41F6-8BCA-27E1F42B62B1}.Debug|Any CPU.ActiveCfg = Debug|Any CPU
		{7C95BBBC-F71F-41F6-8BCA-27E1F42B62B1}.Debug|Any CPU.Build.0 = Debug|Any CPU
		{7C95BBBC-F71F-41F6-8BCA-27E1F42B62B1}.Release|Any CPU.ActiveCfg = Release|Any CPU
		{7C95BBBC-F71F-41F6-8BCA-27E1F42B62B1}.Release|Any CPU.Build.0 = Release|Any CPU
		{7A2159D4-81D7-4210-8F5B-BC6F964FE13B}.Debug|Any CPU.ActiveCfg = Debug|Any CPU
		{7A2159D4-81D7-4210-8F5B-BC6F964FE13B}.Debug|Any CPU.Build.0 = Debug|Any CPU
		{7A2159D4-81D7-4210-8F5B-BC6F964FE13B}.Release|Any CPU.ActiveCfg = Release|Any CPU
		{7A2159D4-81D7-4210-8F5B-BC6F964FE13B}.Release|Any CPU.Build.0 = Release|Any CPU
	EndGlobalSection
	GlobalSection(SolutionProperties) = preSolution
		HideSolutionNode = FALSE
	EndGlobalSection
	GlobalSection(NestedProjects) = preSolution
		{FA585B73-9118-46C0-B034-2A2092AE3176} = {FB01ABDE-E564-46C4-A908-DCAEC8C8C1F2}
		{3781AAEE-D624-4B9A-A2C3-BB7BD252B509} = {FB01ABDE-E564-46C4-A908-DCAEC8C8C1F2}
		{821575C5-21E4-4ED6-978F-BED6729741E6} = {3781AAEE-D624-4B9A-A2C3-BB7BD252B509}
		{606E3D06-EED0-47A7-9AB7-18DF26E22C45} = {FB01ABDE-E564-46C4-A908-DCAEC8C8C1F2}
		{3ABD0B40-E027-4D6D-BB36-EE61CAFA7FEC} = {606E3D06-EED0-47A7-9AB7-18DF26E22C45}
		{AFBDF81E-6293-4F12-979B-824C5D4029BC} = {FB01ABDE-E564-46C4-A908-DCAEC8C8C1F2}
		{D27752BD-5924-470E-8575-6DD73D8CDA14} = {AFBDF81E-6293-4F12-979B-824C5D4029BC}
		{89D650D5-911F-4C7A-84D7-046DCCB9DB4F} = {FB01ABDE-E564-46C4-A908-DCAEC8C8C1F2}
		{BD6CA319-F035-4294-B9B2-3F7C840BC7D4} = {89D650D5-911F-4C7A-84D7-046DCCB9DB4F}
		{23545A4B-4C5D-4BD8-A889-00C612657CBE} = {AFBDF81E-6293-4F12-979B-824C5D4029BC}
		{791323A6-C5E3-4A3F-A881-47A8EAAFA2C2} = {3781AAEE-D624-4B9A-A2C3-BB7BD252B509}
		{56D094CC-43AD-4922-A6C2-C6913622F799} = {506A9A28-7734-4EDB-B969-FD319B94E1C2}
		{F271AF58-9B2E-45E7-B7D0-63F5FAE47A3C} = {506A9A28-7734-4EDB-B969-FD319B94E1C2}
		{2941659E-F8C7-431A-A6E4-15DABC6FCA22} = {FA585B73-9118-46C0-B034-2A2092AE3176}
		{7C95BBBC-F71F-41F6-8BCA-27E1F42B62B1} = {F271AF58-9B2E-45E7-B7D0-63F5FAE47A3C}
		{7A2159D4-81D7-4210-8F5B-BC6F964FE13B} = {56D094CC-43AD-4922-A6C2-C6913622F799}
	EndGlobalSection
	GlobalSection(ExtensibilityGlobals) = postSolution
		SolutionGuid = {BD31DB34-0EB8-4C5D-9EB4-F1425AFB458C}
	EndGlobalSection
EndGlobal
